
Microsoft Visual Studio Solution File, Format Version 12.00
# Visual Studio Version 17
VisualStudioVersion = 17.13.36105.23
MinimumVisualStudioVersion = 10.0.40219.1
Project("{FAE04EC0-301F-11D3-BF4B-00C04F79EFBC}") = "FlexMVVM", "FlexMVVM\FlexMVVM.csproj", "{10C7E42B-73FA-5C46-F071-6090097B167A}"
EndProject
Project("{FAE04EC0-301F-11D3-BF4B-00C04F79EFBC}") = "FlexMVVM.WPF", "FlexMVVM.WPF\FlexMVVM.WPF.csproj", "{743EF9C7-3CE3-738D-B8CB-E0E015CFD051}"
EndProject
Global
	GlobalSection(SolutionConfigurationPlatforms) = preSolution
		Debug|Any CPU = Debug|Any CPU
		Release|Any CPU = Release|Any CPU
	EndGlobalSection
	GlobalSection(ProjectConfigurationPlatforms) = postSolution
		{10C7E42B-73FA-5C46-F071-6090097B167A}.Debug|Any CPU.ActiveCfg = Debug|Any CPU
		{10C7E42B-73FA-5C46-F071-6090097B167A}.Debug|Any CPU.Build.0 = Debug|Any CPU
		{10C7E42B-73FA-5C46-F071-6090097B167A}.Release|Any CPU.ActiveCfg = Release|Any CPU
		{10C7E42B-73FA-5C46-F071-6090097B167A}.Release|Any CPU.Build.0 = Release|Any CPU
		{743EF9C7-3CE3-738D-B8CB-E0E015CFD051}.Debug|Any CPU.ActiveCfg = Debug|Any CPU
		{743EF9C7-3CE3-738D-B8CB-E0E015CFD051}.Debug|Any CPU.Build.0 = Debug|Any CPU
		{743EF9C7-3CE3-738D-B8CB-E0E015CFD051}.Release|Any CPU.ActiveCfg = Release|Any CPU
		{743EF9C7-3CE3-738D-B8CB-E0E015CFD051}.Release|Any CPU.Build.0 = Release|Any CPU
	EndGlobalSection
	GlobalSection(SolutionProperties) = preSolution
		HideSolutionNode = FALSE
	EndGlobalSection
	GlobalSection(ExtensibilityGlobals) = postSolution
		SolutionGuid = {3D6F1FB3-D809-41EE-B5FE-7533C1BDF55D}
	EndGlobalSection
EndGlobal
